// !$*UTF8*$!
{
	archiveVersion = 1;
	classes = {
	};
	objectVersion = 55;
	objects = {

/* Begin PBXBuildFile section */
		BDF0D983286CD3F6006E0E12 /* MapViewController.swift in Sources */ = {isa = PBXBuildFile; fileRef = BDF0D982286CD3F6006E0E12 /* MapViewController.swift */; };
		BDF0D985286CD461006E0E12 /* AirportOneViewController.swift in Sources */ = {isa = PBXBuildFile; fileRef = BDF0D984286CD461006E0E12 /* AirportOneViewController.swift */; };
		BDF0D987286CD471006E0E12 /* AirportTwoViewController.swift in Sources */ = {isa = PBXBuildFile; fileRef = BDF0D986286CD471006E0E12 /* AirportTwoViewController.swift */; };
		BDF0D989286CD494006E0E12 /* AirportThreeViewController.swift in Sources */ = {isa = PBXBuildFile; fileRef = BDF0D988286CD494006E0E12 /* AirportThreeViewController.swift */; };
		BDF0D98B286CD4D4006E0E12 /* AirportFourViewController.swift in Sources */ = {isa = PBXBuildFile; fileRef = BDF0D98A286CD4D4006E0E12 /* AirportFourViewController.swift */; };
		BDF0D98D286CD4F2006E0E12 /* AirportFiveViewController.swift in Sources */ = {isa = PBXBuildFile; fileRef = BDF0D98C286CD4F2006E0E12 /* AirportFiveViewController.swift */; };
		BDF0D98F286CD50B006E0E12 /* PackingListViewController.swift in Sources */ = {isa = PBXBuildFile; fileRef = BDF0D98E286CD50B006E0E12 /* PackingListViewController.swift */; };
		BDF0D991286CD52A006E0E12 /* CustomQuizViewController.swift in Sources */ = {isa = PBXBuildFile; fileRef = BDF0D990286CD52A006E0E12 /* CustomQuizViewController.swift */; };
		BDF0D993286CD543006E0E12 /* RestrictionsViewController.swift in Sources */ = {isa = PBXBuildFile; fileRef = BDF0D992286CD543006E0E12 /* RestrictionsViewController.swift */; };
		BDF0D995286CD569006E0E12 /* CovidViewController.swift in Sources */ = {isa = PBXBuildFile; fileRef = BDF0D994286CD569006E0E12 /* CovidViewController.swift */; };
		BDF3549C286B8EE60084BE4F /* AppDelegate.swift in Sources */ = {isa = PBXBuildFile; fileRef = BDF3549B286B8EE60084BE4F /* AppDelegate.swift */; };
		BDF3549E286B8EE60084BE4F /* SceneDelegate.swift in Sources */ = {isa = PBXBuildFile; fileRef = BDF3549D286B8EE60084BE4F /* SceneDelegate.swift */; };
		BDF354A0286B8EE60084BE4F /* ViewController.swift in Sources */ = {isa = PBXBuildFile; fileRef = BDF3549F286B8EE60084BE4F /* ViewController.swift */; };
		BDF354A3286B8EE60084BE4F /* Main.storyboard in Resources */ = {isa = PBXBuildFile; fileRef = BDF354A1286B8EE60084BE4F /* Main.storyboard */; };
		BDF354A6286B8EE60084BE4F /* streamFinalProject.xcdatamodeld in Sources */ = {isa = PBXBuildFile; fileRef = BDF354A4286B8EE60084BE4F /* streamFinalProject.xcdatamodeld */; };
		BDF354A8286B8EE80084BE4F /* Assets.xcassets in Resources */ = {isa = PBXBuildFile; fileRef = BDF354A7286B8EE80084BE4F /* Assets.xcassets */; };
		BDF354AB286B8EE80084BE4F /* LaunchScreen.storyboard in Resources */ = {isa = PBXBuildFile; fileRef = BDF354A9286B8EE80084BE4F /* LaunchScreen.storyboard */; };
/* End PBXBuildFile section */

/* Begin PBXFileReference section */
		BDF0D982286CD3F6006E0E12 /* MapViewController.swift */ = {isa = PBXFileReference; lastKnownFileType = sourcecode.swift; path = MapViewController.swift; sourceTree = "<group>"; };
		BDF0D984286CD461006E0E12 /* AirportOneViewController.swift */ = {isa = PBXFileReference; lastKnownFileType = sourcecode.swift; path = AirportOneViewController.swift; sourceTree = "<group>"; };
		BDF0D986286CD471006E0E12 /* AirportTwoViewController.swift */ = {isa = PBXFileReference; lastKnownFileType = sourcecode.swift; path = AirportTwoViewController.swift; sourceTree = "<group>"; };
		BDF0D988286CD494006E0E12 /* AirportThreeViewController.swift */ = {isa = PBXFileReference; lastKnownFileType = sourcecode.swift; path = AirportThreeViewController.swift; sourceTree = "<group>"; };
		BDF0D98A286CD4D4006E0E12 /* AirportFourViewController.swift */ = {isa = PBXFileReference; lastKnownFileType = sourcecode.swift; path = AirportFourViewController.swift; sourceTree = "<group>"; };
		BDF0D98C286CD4F2006E0E12 /* AirportFiveViewController.swift */ = {isa = PBXFileReference; lastKnownFileType = sourcecode.swift; path = AirportFiveViewController.swift; sourceTree = "<group>"; };
		BDF0D98E286CD50B006E0E12 /* PackingListViewController.swift */ = {isa = PBXFileReference; lastKnownFileType = sourcecode.swift; path = PackingListViewController.swift; sourceTree = "<group>"; };
		BDF0D990286CD52A006E0E12 /* CustomQuizViewController.swift */ = {isa = PBXFileReference; lastKnownFileType = sourcecode.swift; path = CustomQuizViewController.swift; sourceTree = "<group>"; };
		BDF0D992286CD543006E0E12 /* RestrictionsViewController.swift */ = {isa = PBXFileReference; lastKnownFileType = sourcecode.swift; path = RestrictionsViewController.swift; sourceTree = "<group>"; };
		BDF0D994286CD569006E0E12 /* CovidViewController.swift */ = {isa = PBXFileReference; lastKnownFileType = sourcecode.swift; path = CovidViewController.swift; sourceTree = "<group>"; };
		BDF35498286B8EE60084BE4F /* streamFinalProject.app */ = {isa = PBXFileReference; explicitFileType = wrapper.application; includeInIndex = 0; path = streamFinalProject.app; sourceTree = BUILT_PRODUCTS_DIR; };
		BDF3549B286B8EE60084BE4F /* AppDelegate.swift */ = {isa = PBXFileReference; lastKnownFileType = sourcecode.swift; path = AppDelegate.swift; sourceTree = "<group>"; };
		BDF3549D286B8EE60084BE4F /* SceneDelegate.swift */ = {isa = PBXFileReference; lastKnownFileType = sourcecode.swift; path = SceneDelegate.swift; sourceTree = "<group>"; };
		BDF3549F286B8EE60084BE4F /* ViewController.swift */ = {isa = PBXFileReference; lastKnownFileType = sourcecode.swift; path = ViewController.swift; sourceTree = "<group>"; };
		BDF354A2286B8EE60084BE4F /* Base */ = {isa = PBXFileReference; lastKnownFileType = file.storyboard; name = Base; path = Base.lproj/Main.storyboard; sourceTree = "<group>"; };
		BDF354A5286B8EE60084BE4F /* streamFinalProject.xcdatamodel */ = {isa = PBXFileReference; lastKnownFileType = wrapper.xcdatamodel; path = streamFinalProject.xcdatamodel; sourceTree = "<group>"; };
		BDF354A7286B8EE80084BE4F /* Assets.xcassets */ = {isa = PBXFileReference; lastKnownFileType = folder.assetcatalog; path = Assets.xcassets; sourceTree = "<group>"; };
		BDF354AA286B8EE80084BE4F /* Base */ = {isa = PBXFileReference; lastKnownFileType = file.storyboard; name = Base; path = Base.lproj/LaunchScreen.storyboard; sourceTree = "<group>"; };
		BDF354AC286B8EE80084BE4F /* Info.plist */ = {isa = PBXFileReference; lastKnownFileType = text.plist.xml; path = Info.plist; sourceTree = "<group>"; };
/* End PBXFileReference section */

/* Begin PBXFrameworksBuildPhase section */
		BDF35495286B8EE60084BE4F /* Frameworks */ = {
			isa = PBXFrameworksBuildPhase;
			buildActionMask = 2147483647;
			files = (
			);
			runOnlyForDeploymentPostprocessing = 0;
		};
/* End PBXFrameworksBuildPhase section */

/* Begin PBXGroup section */
		BDF3548F286B8EE60084BE4F = {
			isa = PBXGroup;
			children = (
				BDF3549A286B8EE60084BE4F /* streamFinalProject */,
				BDF35499286B8EE60084BE4F /* Products */,
			);
			sourceTree = "<group>";
		};
		BDF35499286B8EE60084BE4F /* Products */ = {
			isa = PBXGroup;
			children = (
				BDF35498286B8EE60084BE4F /* streamFinalProject.app */,
			);
			name = Products;
			sourceTree = "<group>";
		};
		BDF3549A286B8EE60084BE4F /* streamFinalProject */ = {
			isa = PBXGroup;
			children = (
				BDF0D994286CD569006E0E12 /* CovidViewController.swift */,
				BDF0D992286CD543006E0E12 /* RestrictionsViewController.swift */,
				BDF0D990286CD52A006E0E12 /* CustomQuizViewController.swift */,
				BDF0D98E286CD50B006E0E12 /* PackingListViewController.swift */,
				BDF0D98C286CD4F2006E0E12 /* AirportFiveViewController.swift */,
				BDF0D98A286CD4D4006E0E12 /* AirportFourViewController.swift */,
				BDF0D988286CD494006E0E12 /* AirportThreeViewController.swift */,
				BDF0D986286CD471006E0E12 /* AirportTwoViewController.swift */,
				BDF0D984286CD461006E0E12 /* AirportOneViewController.swift */,
				BDF0D982286CD3F6006E0E12 /* MapViewController.swift */,
				BDF3549B286B8EE60084BE4F /* AppDelegate.swift */,
				BDF3549D286B8EE60084BE4F /* SceneDelegate.swift */,
				BDF3549F286B8EE60084BE4F /* ViewController.swift */,
				BDF354A1286B8EE60084BE4F /* Main.storyboard */,
				BDF354A7286B8EE80084BE4F /* Assets.xcassets */,
				BDF354A9286B8EE80084BE4F /* LaunchScreen.storyboard */,
				BDF354AC286B8EE80084BE4F /* Info.plist */,
				BDF354A4286B8EE60084BE4F /* streamFinalProject.xcdatamodeld */,
			);
			path = streamFinalProject;
			sourceTree = "<group>";
		};
/* End PBXGroup section */

/* Begin PBXNativeTarget section */
		BDF35497286B8EE60084BE4F /* streamFinalProject */ = {
			isa = PBXNativeTarget;
			buildConfigurationList = BDF354AF286B8EE80084BE4F /* Build configuration list for PBXNativeTarget "streamFinalProject" */;
			buildPhases = (
				BDF35494286B8EE60084BE4F /* Sources */,
				BDF35495286B8EE60084BE4F /* Frameworks */,
				BDF35496286B8EE60084BE4F /* Resources */,
			);
			buildRules = (
			);
			dependencies = (
			);
			name = streamFinalProject;
			productName = streamFinalProject;
			productReference = BDF35498286B8EE60084BE4F /* streamFinalProject.app */;
			productType = "com.apple.product-type.application";
		};
/* End PBXNativeTarget section */

/* Begin PBXProject section */
		BDF35490286B8EE60084BE4F /* Project object */ = {
			isa = PBXProject;
			attributes = {
				BuildIndependentTargetsInParallel = 1;
				LastSwiftUpdateCheck = 1340;
				LastUpgradeCheck = 1340;
				TargetAttributes = {
					BDF35497286B8EE60084BE4F = {
						CreatedOnToolsVersion = 13.4.1;
					};
				};
			};
			buildConfigurationList = BDF35493286B8EE60084BE4F /* Build configuration list for PBXProject "streamFinalProject" */;
			compatibilityVersion = "Xcode 13.0";
			developmentRegion = en;
			hasScannedForEncodings = 0;
			knownRegions = (
				en,
				Base,
			);
			mainGroup = BDF3548F286B8EE60084BE4F;
			productRefGroup = BDF35499286B8EE60084BE4F /* Products */;
			projectDirPath = "";
			projectRoot = "";
			targets = (
				BDF35497286B8EE60084BE4F /* streamFinalProject */,
			);
		};
/* End PBXProject section */

/* Begin PBXResourcesBuildPhase section */
		BDF35496286B8EE60084BE4F /* Resources */ = {
			isa = PBXResourcesBuildPhase;
			buildActionMask = 2147483647;
			files = (
				BDF354AB286B8EE80084BE4F /* LaunchScreen.storyboard in Resources */,
				BDF354A8286B8EE80084BE4F /* Assets.xcassets in Resources */,
				BDF354A3286B8EE60084BE4F /* Main.storyboard in Resources */,
			);
			runOnlyForDeploymentPostprocessing = 0;
		};
/* End PBXResourcesBuildPhase section */

/* Begin PBXSourcesBuildPhase section */
		BDF35494286B8EE60084BE4F /* Sources */ = {
			isa = PBXSourcesBuildPhase;
			buildActionMask = 2147483647;
			files = (
				BDF0D991286CD52A006E0E12 /* CustomQuizViewController.swift in Sources */,
				BDF0D98D286CD4F2006E0E12 /* AirportFiveViewController.swift in Sources */,
				BDF0D995286CD569006E0E12 /* CovidViewController.swift in Sources */,
				BDF354A6286B8EE60084BE4F /* streamFinalProject.xcdatamodeld in Sources */,
				BDF354A0286B8EE60084BE4F /* ViewController.swift in Sources */,
				BDF0D98F286CD50B006E0E12 /* PackingListViewController.swift in Sources */,
				BDF3549C286B8EE60084BE4F /* AppDelegate.swift in Sources */,
				BDF0D98B286CD4D4006E0E12 /* AirportFourViewController.swift in Sources */,
				BDF0D983286CD3F6006E0E12 /* MapViewController.swift in Sources */,
				BDF3549E286B8EE60084BE4F /* SceneDelegate.swift in Sources */,
				BDF0D987286CD471006E0E12 /* AirportTwoViewController.swift in Sources */,
				BDF0D989286CD494006E0E12 /* AirportThreeViewController.swift in Sources */,
				BDF0D985286CD461006E0E12 /* AirportOneViewController.swift in Sources */,
				BDF0D993286CD543006E0E12 /* RestrictionsViewController.swift in Sources */,
			);
			runOnlyForDeploymentPostprocessing = 0;
		};
/* End PBXSourcesBuildPhase section */

/* Begin PBXVariantGroup section */
		BDF354A1286B8EE60084BE4F /* Main.storyboard */ = {
			isa = PBXVariantGroup;
			children = (
				BDF354A2286B8EE60084BE4F /* Base */,
			);
			name = Main.storyboard;
			sourceTree = "<group>";
		};
		BDF354A9286B8EE80084BE4F /* LaunchScreen.storyboard */ = {
			isa = PBXVariantGroup;
			children = (
				BDF354AA286B8EE80084BE4F /* Base */,
			);
			name = LaunchScreen.storyboard;
			sourceTree = "<group>";
		};
/* End PBXVariantGroup section */

/* Begin XCBuildConfiguration section */
		BDF354AD286B8EE80084BE4F /* Debug */ = {
			isa = XCBuildConfiguration;
			buildSettings = {
				ALWAYS_SEARCH_USER_PATHS = NO;
				CLANG_ANALYZER_NONNULL = YES;
				CLANG_ANALYZER_NUMBER_OBJECT_CONVERSION = YES_AGGRESSIVE;
				CLANG_CXX_LANGUAGE_STANDARD = "gnu++17";
				CLANG_ENABLE_MODULES = YES;
				CLANG_ENABLE_OBJC_ARC = YES;
				CLANG_ENABLE_OBJC_WEAK = YES;
				CLANG_WARN_BLOCK_CAPTURE_AUTORELEASING = YES;
				CLANG_WARN_BOOL_CONVERSION = YES;
				CLANG_WARN_COMMA = YES;
				CLANG_WARN_CONSTANT_CONVERSION = YES;
				CLANG_WARN_DEPRECATED_OBJC_IMPLEMENTATIONS = YES;
				CLANG_WARN_DIRECT_OBJC_ISA_USAGE = YES_ERROR;
				CLANG_WARN_DOCUMENTATION_COMMENTS = YES;
				CLANG_WARN_EMPTY_BODY = YES;
				CLANG_WARN_ENUM_CONVERSION = YES;
				CLANG_WARN_INFINITE_RECURSION = YES;
				CLANG_WARN_INT_CONVERSION = YES;
				CLANG_WARN_NON_LITERAL_NULL_CONVERSION = YES;
				CLANG_WARN_OBJC_IMPLICIT_RETAIN_SELF = YES;
				CLANG_WARN_OBJC_LITERAL_CONVERSION = YES;
				CLANG_WARN_OBJC_ROOT_CLASS = YES_ERROR;
				CLANG_WARN_QUOTED_INCLUDE_IN_FRAMEWORK_HEADER = YES;
				CLANG_WARN_RANGE_LOOP_ANALYSIS = YES;
				CLANG_WARN_STRICT_PROTOTYPES = YES;
				CLANG_WARN_SUSPICIOUS_MOVE = YES;
				CLANG_WARN_UNGUARDED_AVAILABILITY = YES_AGGRESSIVE;
				CLANG_WARN_UNREACHABLE_CODE = YES;
				CLANG_WARN__DUPLICATE_METHOD_MATCH = YES;
				COPY_PHASE_STRIP = NO;
				DEBUG_INFORMATION_FORMAT = dwarf;
				ENABLE_STRICT_OBJC_MSGSEND = YES;
				ENABLE_TESTABILITY = YES;
				GCC_C_LANGUAGE_STANDARD = gnu11;
				GCC_DYNAMIC_NO_PIC = NO;
				GCC_NO_COMMON_BLOCKS = YES;
				GCC_OPTIMIZATION_LEVEL = 0;
				GCC_PREPROCESSOR_DEFINITIONS = (
					"DEBUG=1",
					"$(inherited)",
				);
				GCC_WARN_64_TO_32_BIT_CONVERSION = YES;
				GCC_WARN_ABOUT_RETURN_TYPE = YES_ERROR;
				GCC_WARN_UNDECLARED_SELECTOR = YES;
				GCC_WARN_UNINITIALIZED_AUTOS = YES_AGGRESSIVE;
				GCC_WARN_UNUSED_FUNCTION = YES;
				GCC_WARN_UNUSED_VARIABLE = YES;
				IPHONEOS_DEPLOYMENT_TARGET = 15.5;
				MTL_ENABLE_DEBUG_INFO = INCLUDE_SOURCE;
				MTL_FAST_MATH = YES;
				ONLY_ACTIVE_ARCH = YES;
				SDKROOT = iphoneos;
				SWIFT_ACTIVE_COMPILATION_CONDITIONS = DEBUG;
				SWIFT_OPTIMIZATION_LEVEL = "-Onone";
			};
			name = Debug;
		};
		BDF354AE286B8EE80084BE4F /* Release */ = {
			isa = XCBuildConfiguration;
			buildSettings = {
				ALWAYS_SEARCH_USER_PATHS = NO;
				CLANG_ANALYZER_NONNULL = YES;
				CLANG_ANALYZER_NUMBER_OBJECT_CONVERSION = YES_AGGRESSIVE;
				CLANG_CXX_LANGUAGE_STANDARD = "gnu++17";
				CLANG_ENABLE_MODULES = YES;
				CLANG_ENABLE_OBJC_ARC = YES;
				CLANG_ENABLE_OBJC_WEAK = YES;
				CLANG_WARN_BLOCK_CAPTURE_AUTORELEASING = YES;
				CLANG_WARN_BOOL_CONVERSION = YES;
				CLANG_WARN_COMMA = YES;
				CLANG_WARN_CONSTANT_CONVERSION = YES;
				CLANG_WARN_DEPRECATED_OBJC_IMPLEMENTATIONS = YES;
				CLANG_WARN_DIRECT_OBJC_ISA_USAGE = YES_ERROR;
				CLANG_WARN_DOCUMENTATION_COMMENTS = YES;
				CLANG_WARN_EMPTY_BODY = YES;
				CLANG_WARN_ENUM_CONVERSION = YES;
				CLANG_WARN_INFINITE_RECURSION = YES;
				CLANG_WARN_INT_CONVERSION = YES;
				CLANG_WARN_NON_LITERAL_NULL_CONVERSION = YES;
				CLANG_WARN_OBJC_IMPLICIT_RETAIN_SELF = YES;
				CLANG_WARN_OBJC_LITERAL_CONVERSION = YES;
				CLANG_WARN_OBJC_ROOT_CLASS = YES_ERROR;
				CLANG_WARN_QUOTED_INCLUDE_IN_FRAMEWORK_HEADER = YES;
				CLANG_WARN_RANGE_LOOP_ANALYSIS = YES;
				CLANG_WARN_STRICT_PROTOTYPES = YES;
				CLANG_WARN_SUSPICIOUS_MOVE = YES;
				CLANG_WARN_UNGUARDED_AVAILABILITY = YES_AGGRESSIVE;
				CLANG_WARN_UNREACHABLE_CODE = YES;
				CLANG_WARN__DUPLICATE_METHOD_MATCH = YES;
				COPY_PHASE_STRIP = NO;
				DEBUG_INFORMATION_FORMAT = "dwarf-with-dsym";
				ENABLE_NS_ASSERTIONS = NO;
				ENABLE_STRICT_OBJC_MSGSEND = YES;
				GCC_C_LANGUAGE_STANDARD = gnu11;
				GCC_NO_COMMON_BLOCKS = YES;
				GCC_WARN_64_TO_32_BIT_CONVERSION = YES;
				GCC_WARN_ABOUT_RETURN_TYPE = YES_ERROR;
				GCC_WARN_UNDECLARED_SELECTOR = YES;
				GCC_WARN_UNINITIALIZED_AUTOS = YES_AGGRESSIVE;
				GCC_WARN_UNUSED_FUNCTION = YES;
				GCC_WARN_UNUSED_VARIABLE = YES;
				IPHONEOS_DEPLOYMENT_TARGET = 15.5;
				MTL_ENABLE_DEBUG_INFO = NO;
				MTL_FAST_MATH = YES;
				SDKROOT = iphoneos;
				SWIFT_COMPILATION_MODE = wholemodule;
				SWIFT_OPTIMIZATION_LEVEL = "-O";
				VALIDATE_PRODUCT = YES;
			};
			name = Release;
		};
		BDF354B0286B8EE80084BE4F /* Debug */ = {
			isa = XCBuildConfiguration;
			buildSettings = {
				ASSETCATALOG_COMPILER_APPICON_NAME = AppIcon;
				ASSETCATALOG_COMPILER_GLOBAL_ACCENT_COLOR_NAME = AccentColor;
				CODE_SIGN_STYLE = Automatic;
				CURRENT_PROJECT_VERSION = 1;
				DEVELOPMENT_TEAM = PUB33CJ49Y;
				GENERATE_INFOPLIST_FILE = YES;
				INFOPLIST_FILE = streamFinalProject/Info.plist;
				INFOPLIST_KEY_UIApplicationSupportsIndirectInputEvents = YES;
				INFOPLIST_KEY_UILaunchStoryboardName = LaunchScreen;
				INFOPLIST_KEY_UIMainStoryboardFile = Main;
				INFOPLIST_KEY_UISupportedInterfaceOrientations_iPad = "UIInterfaceOrientationPortrait UIInterfaceOrientationPortraitUpsideDown UIInterfaceOrientationLandscapeLeft UIInterfaceOrientationLandscapeRight";
				INFOPLIST_KEY_UISupportedInterfaceOrientations_iPhone = "UIInterfaceOrientationPortrait UIInterfaceOrientationLandscapeLeft UIInterfaceOrientationLandscapeRight";
				LD_RUNPATH_SEARCH_PATHS = (
					"$(inherited)",
					"@executable_path/Frameworks",
				);
				MARKETING_VERSION = 1.0;
				PRODUCT_BUNDLE_IDENTIFIER = KWK.streamFinalProject;
				PRODUCT_NAME = "$(TARGET_NAME)";
				SWIFT_EMIT_LOC_STRINGS = YES;
				SWIFT_VERSION = 5.0;
				TARGETED_DEVICE_FAMILY = "1,2";
			};
			name = Debug;
		};
		BDF354B1286B8EE80084BE4F /* Release */ = {
			isa = XCBuildConfiguration;
			buildSettings = {
				ASSETCATALOG_COMPILER_APPICON_NAME = AppIcon;
				ASSETCATALOG_COMPILER_GLOBAL_ACCENT_COLOR_NAME = AccentColor;
				CODE_SIGN_STYLE = Automatic;
				CURRENT_PROJECT_VERSION = 1;
				DEVELOPMENT_TEAM = PUB33CJ49Y;
				GENERATE_INFOPLIST_FILE = YES;
				INFOPLIST_FILE = streamFinalProject/Info.plist;
				INFOPLIST_KEY_UIApplicationSupportsIndirectInputEvents = YES;
				INFOPLIST_KEY_UILaunchStoryboardName = LaunchScreen;
				INFOPLIST_KEY_UIMainStoryboardFile = Main;
				INFOPLIST_KEY_UISupportedInterfaceOrientations_iPad = "UIInterfaceOrientationPortrait UIInterfaceOrientationPortraitUpsideDown UIInterfaceOrientationLandscapeLeft UIInterfaceOrientationLandscapeRight";
				INFOPLIST_KEY_UISupportedInterfaceOrientations_iPhone = "UIInterfaceOrientationPortrait UIInterfaceOrientationLandscapeLeft UIInterfaceOrientationLandscapeRight";
				LD_RUNPATH_SEARCH_PATHS = (
					"$(inherited)",
					"@executable_path/Frameworks",
				);
				MARKETING_VERSION = 1.0;
				PRODUCT_BUNDLE_IDENTIFIER = KWK.streamFinalProject;
				PRODUCT_NAME = "$(TARGET_NAME)";
				SWIFT_EMIT_LOC_STRINGS = YES;
				SWIFT_VERSION = 5.0;
				TARGETED_DEVICE_FAMILY = "1,2";
			};
			name = Release;
		};
/* End XCBuildConfiguration section */

/* Begin XCConfigurationList section */
		BDF35493286B8EE60084BE4F /* Build configuration list for PBXProject "streamFinalProject" */ = {
			isa = XCConfigurationList;
			buildConfigurations = (
				BDF354AD286B8EE80084BE4F /* Debug */,
				BDF354AE286B8EE80084BE4F /* Release */,
			);
			defaultConfigurationIsVisible = 0;
			defaultConfigurationName = Release;
		};
		BDF354AF286B8EE80084BE4F /* Build configuration list for PBXNativeTarget "streamFinalProject" */ = {
			isa = XCConfigurationList;
			buildConfigurations = (
				BDF354B0286B8EE80084BE4F /* Debug */,
				BDF354B1286B8EE80084BE4F /* Release */,
			);
			defaultConfigurationIsVisible = 0;
			defaultConfigurationName = Release;
		};
/* End XCConfigurationList section */

/* Begin XCVersionGroup section */
		BDF354A4286B8EE60084BE4F /* streamFinalProject.xcdatamodeld */ = {
			isa = XCVersionGroup;
			children = (
				BDF354A5286B8EE60084BE4F /* streamFinalProject.xcdatamodel */,
			);
			currentVersion = BDF354A5286B8EE60084BE4F /* streamFinalProject.xcdatamodel */;
			path = streamFinalProject.xcdatamodeld;
			sourceTree = "<group>";
			versionGroupType = wrapper.xcdatamodel;
		};
/* End XCVersionGroup section */
	};
	rootObject = BDF35490286B8EE60084BE4F /* Project object */;
}
